github.com/BurntSushi/toml v1.6.0 h1:dRaEfpa2VI55EwlIW72hMRHdWouJeRF7TPYhI+AUQjk=
github.com/BurntSushi/toml v1.6.0/go.mod h1:ukJfTF/6rtPPRCnwkur4qwRxa8vTRFBF0uk2lLoLwho=
github.com/Yustinia/gopaper v0.8.1 h1:g5nIydhTFcEZK7wmZ4jZp7tPYqsGvAnXMen4gLAeyaU=
github.com/Yustinia/gopaper v0.8.1/go.mod h1:ANpmplp1tS/kz9R96mI5VIdVNuFQ7nLklXygDytnmgA=
